// !$*UTF8*$!
{
	archiveVersion = 1;
	classes = {
	};
	objectVersion = 48;
	objects = {

/* Begin PBXBuildFile section */
		35D437296E7B6D29903CFA7B /* Pods_MovieApp.framework in Frameworks */ = {isa = PBXBuildFile; fileRef = 6A21AD0856A7793DD03D5F00 /* Pods_MovieApp.framework */; };
		4B254628A0D874A5DF5FA92E /* Pods_MovieAppTests.framework in Frameworks */ = {isa = PBXBuildFile; fileRef = 0DA47D0B899DA4B097583E9B /* Pods_MovieAppTests.framework */; };
		669F756822F1C1460C3C7042 /* Pods_MovieAppUITests.framework in Frameworks */ = {isa = PBXBuildFile; fileRef = 6CCB1B48D1B1AB2A208E5346 /* Pods_MovieAppUITests.framework */; };
		925195E71FAC846000DB604A /* MovieCollectionViewCell.swift in Sources */ = {isa = PBXBuildFile; fileRef = 925195E61FAC846000DB604A /* MovieCollectionViewCell.swift */; };
		928082CA1FAC46AD00BDBDF1 /* AppDelegate.swift in Sources */ = {isa = PBXBuildFile; fileRef = 928082C91FAC46AD00BDBDF1 /* AppDelegate.swift */; };
		928082CC1FAC46AD00BDBDF1 /* ViewController.swift in Sources */ = {isa = PBXBuildFile; fileRef = 928082CB1FAC46AD00BDBDF1 /* ViewController.swift */; };
		928082CF1FAC46AD00BDBDF1 /* Main.storyboard in Resources */ = {isa = PBXBuildFile; fileRef = 928082CD1FAC46AD00BDBDF1 /* Main.storyboard */; };
		928082D11FAC46AD00BDBDF1 /* Assets.xcassets in Resources */ = {isa = PBXBuildFile; fileRef = 928082D01FAC46AD00BDBDF1 /* Assets.xcassets */; };
		928082D41FAC46AD00BDBDF1 /* LaunchScreen.storyboard in Resources */ = {isa = PBXBuildFile; fileRef = 928082D21FAC46AD00BDBDF1 /* LaunchScreen.storyboard */; };
		928082DF1FAC46AD00BDBDF1 /* MovieAppTests.swift in Sources */ = {isa = PBXBuildFile; fileRef = 928082DE1FAC46AD00BDBDF1 /* MovieAppTests.swift */; };
		928082EA1FAC46AD00BDBDF1 /* MovieAppUITests.swift in Sources */ = {isa = PBXBuildFile; fileRef = 928082E91FAC46AD00BDBDF1 /* MovieAppUITests.swift */; };
		92B761351FAC91F0004DF975 /* placeholder.jpeg in Resources */ = {isa = PBXBuildFile; fileRef = 92B761341FAC91EF004DF975 /* placeholder.jpeg */; };
		92B780841FACA56600F2001A /* DetailViewController.swift in Sources */ = {isa = PBXBuildFile; fileRef = 92B780831FACA56600F2001A /* DetailViewController.swift */; };
/* End PBXBuildFile section */

/* Begin PBXContainerItemProxy section */
		928082DB1FAC46AD00BDBDF1 /* PBXContainerItemProxy */ = {
			isa = PBXContainerItemProxy;
			containerPortal = 928082BE1FAC46AC00BDBDF1 /* Project object */;
			proxyType = 1;
			remoteGlobalIDString = 928082C51FAC46AD00BDBDF1;
			remoteInfo = MovieApp;
		};
		928082E61FAC46AD00BDBDF1 /* PBXContainerItemProxy */ = {
			isa = PBXContainerItemProxy;
			containerPortal = 928082BE1FAC46AC00BDBDF1 /* Project object */;
			proxyType = 1;
			remoteGlobalIDString = 928082C51FAC46AD00BDBDF1;
			remoteInfo = MovieApp;
		};
/* End PBXContainerItemProxy section */

/* Begin PBXFileReference section */
		0DA47D0B899DA4B097583E9B /* Pods_MovieAppTests.framework */ = {isa = PBXFileReference; explicitFileType = wrapper.framework; includeInIndex = 0; path = Pods_MovieAppTests.framework; sourceTree = BUILT_PRODUCTS_DIR; };
		45AB0FA9EC6874DA07831D44 /* Pods-MovieAppTests.release.xcconfig */ = {isa = PBXFileReference; includeInIndex = 1; lastKnownFileType = text.xcconfig; name = "Pods-MovieAppTests.release.xcconfig"; path = "Pods/Target Support Files/Pods-MovieAppTests/Pods-MovieAppTests.release.xcconfig"; sourceTree = "<group>"; };
		4F458BA336D5E8604AA99182 /* Pods-MovieAppUITests.debug.xcconfig */ = {isa = PBXFileReference; includeInIndex = 1; lastKnownFileType = text.xcconfig; name = "Pods-MovieAppUITests.debug.xcconfig"; path = "Pods/Target Support Files/Pods-MovieAppUITests/Pods-MovieAppUITests.debug.xcconfig"; sourceTree = "<group>"; };
		6A21AD0856A7793DD03D5F00 /* Pods_MovieApp.framework */ = {isa = PBXFileReference; explicitFileType = wrapper.framework; includeInIndex = 0; path = Pods_MovieApp.framework; sourceTree = BUILT_PRODUCTS_DIR; };
		6CCB1B48D1B1AB2A208E5346 /* Pods_MovieAppUITests.framework */ = {isa = PBXFileReference; explicitFileType = wrapper.framework; includeInIndex = 0; path = Pods_MovieAppUITests.framework; sourceTree = BUILT_PRODUCTS_DIR; };
		925195E61FAC846000DB604A /* MovieCollectionViewCell.swift */ = {isa = PBXFileReference; lastKnownFileType = sourcecode.swift; path = MovieCollectionViewCell.swift; sourceTree = "<group>"; };
		928082C61FAC46AD00BDBDF1 /* MovieApp.app */ = {isa = PBXFileReference; explicitFileType = wrapper.application; includeInIndex = 0; path = MovieApp.app; sourceTree = BUILT_PRODUCTS_DIR; };
		928082C91FAC46AD00BDBDF1 /* AppDelegate.swift */ = {isa = PBXFileReference; lastKnownFileType = sourcecode.swift; path = AppDelegate.swift; sourceTree = "<group>"; };
		928082CB1FAC46AD00BDBDF1 /* ViewController.swift */ = {isa = PBXFileReference; lastKnownFileType = sourcecode.swift; path = ViewController.swift; sourceTree = "<group>"; };
		928082CE1FAC46AD00BDBDF1 /* Base */ = {isa = PBXFileReference; lastKnownFileType = file.storyboard; name = Base; path = Base.lproj/Main.storyboard; sourceTree = "<group>"; };
		928082D01FAC46AD00BDBDF1 /* Assets.xcassets */ = {isa = PBXFileReference; lastKnownFileType = folder.assetcatalog; path = Assets.xcassets; sourceTree = "<group>"; };
		928082D31FAC46AD00BDBDF1 /* Base */ = {isa = PBXFileReference; lastKnownFileType = file.storyboard; name = Base; path = Base.lproj/LaunchScreen.storyboard; sourceTree = "<group>"; };
		928082D51FAC46AD00BDBDF1 /* Info.plist */ = {isa = PBXFileReference; lastKnownFileType = text.plist.xml; path = Info.plist; sourceTree = "<group>"; };
		928082DA1FAC46AD00BDBDF1 /* MovieAppTests.xctest */ = {isa = PBXFileReference; explicitFileType = wrapper.cfbundle; includeInIndex = 0; path = MovieAppTests.xctest; sourceTree = BUILT_PRODUCTS_DIR; };
		928082DE1FAC46AD00BDBDF1 /* MovieAppTests.swift */ = {isa = PBXFileReference; lastKnownFileType = sourcecode.swift; path = MovieAppTests.swift; sourceTree = "<group>"; };
		928082E01FAC46AD00BDBDF1 /* Info.plist */ = {isa = PBXFileReference; lastKnownFileType = text.plist.xml; path = Info.plist; sourceTree = "<group>"; };
		928082E51FAC46AD00BDBDF1 /* MovieAppUITests.xctest */ = {isa = PBXFileReference; explicitFileType = wrapper.cfbundle; includeInIndex = 0; path = MovieAppUITests.xctest; sourceTree = BUILT_PRODUCTS_DIR; };
		928082E91FAC46AD00BDBDF1 /* MovieAppUITests.swift */ = {isa = PBXFileReference; lastKnownFileType = sourcecode.swift; path = MovieAppUITests.swift; sourceTree = "<group>"; };
		928082EB1FAC46AD00BDBDF1 /* Info.plist */ = {isa = PBXFileReference; lastKnownFileType = text.plist.xml; path = Info.plist; sourceTree = "<group>"; };
		92B761341FAC91EF004DF975 /* placeholder.jpeg */ = {isa = PBXFileReference; lastKnownFileType = image.jpeg; path = placeholder.jpeg; sourceTree = "<group>"; };
		92B780831FACA56600F2001A /* DetailViewController.swift */ = {isa = PBXFileReference; lastKnownFileType = sourcecode.swift; path = DetailViewController.swift; sourceTree = "<group>"; };
		D287359771E5D127CE19B372 /* Pods-MovieAppUITests.release.xcconfig */ = {isa = PBXFileReference; includeInIndex = 1; lastKnownFileType = text.xcconfig; name = "Pods-MovieAppUITests.release.xcconfig"; path = "Pods/Target Support Files/Pods-MovieAppUITests/Pods-MovieAppUITests.release.xcconfig"; sourceTree = "<group>"; };
		D642B7277B254AEAB41994EA /* Pods-MovieApp.release.xcconfig */ = {isa = PBXFileReference; includeInIndex = 1; lastKnownFileType = text.xcconfig; name = "Pods-MovieApp.release.xcconfig"; path = "Pods/Target Support Files/Pods-MovieApp/Pods-MovieApp.release.xcconfig"; sourceTree = "<group>"; };
		DC03AD7EB8A6832DA08CE18E /* Pods-MovieAppTests.debug.xcconfig */ = {isa = PBXFileReference; includeInIndex = 1; lastKnownFileType = text.xcconfig; name = "Pods-MovieAppTests.debug.xcconfig"; path = "Pods/Target Support Files/Pods-MovieAppTests/Pods-MovieAppTests.debug.xcconfig"; sourceTree = "<group>"; };
		F6DF9E1CE5817B4880C585A4 /* Pods-MovieApp.debug.xcconfig */ = {isa = PBXFileReference; includeInIndex = 1; lastKnownFileType = text.xcconfig; name = "Pods-MovieApp.debug.xcconfig"; path = "Pods/Target Support Files/Pods-MovieApp/Pods-MovieApp.debug.xcconfig"; sourceTree = "<group>"; };
/* End PBXFileReference section */

/* Begin PBXFrameworksBuildPhase section */
		928082C31FAC46AD00BDBDF1 /* Frameworks */ = {
			isa = PBXFrameworksBuildPhase;
			buildActionMask = 2147483647;
			files = (
				35D437296E7B6D29903CFA7B /* Pods_MovieApp.framework in Frameworks */,
			);
			runOnlyForDeploymentPostprocessing = 0;
		};
		928082D71FAC46AD00BDBDF1 /* Frameworks */ = {
			isa = PBXFrameworksBuildPhase;
			buildActionMask = 2147483647;
			files = (
				4B254628A0D874A5DF5FA92E /* Pods_MovieAppTests.framework in Frameworks */,
			);
			runOnlyForDeploymentPostprocessing = 0;
		};
		928082E21FAC46AD00BDBDF1 /* Frameworks */ = {
			isa = PBXFrameworksBuildPhase;
			buildActionMask = 2147483647;
			files = (
				669F756822F1C1460C3C7042 /* Pods_MovieAppUITests.framework in Frameworks */,
			);
			runOnlyForDeploymentPostprocessing = 0;
		};
/* End PBXFrameworksBuildPhase section */

/* Begin PBXGroup section */
		48AE60B0129CCE78FBA48824 /* Frameworks */ = {
			isa = PBXGroup;
			children = (
				6A21AD0856A7793DD03D5F00 /* Pods_MovieApp.framework */,
				0DA47D0B899DA4B097583E9B /* Pods_MovieAppTests.framework */,
				6CCB1B48D1B1AB2A208E5346 /* Pods_MovieAppUITests.framework */,
			);
			name = Frameworks;
			sourceTree = "<group>";
		};
		928082BD1FAC46AC00BDBDF1 = {
			isa = PBXGroup;
			children = (
				928082C81FAC46AD00BDBDF1 /* MovieApp */,
				928082DD1FAC46AD00BDBDF1 /* MovieAppTests */,
				928082E81FAC46AD00BDBDF1 /* MovieAppUITests */,
				928082C71FAC46AD00BDBDF1 /* Products */,
				E8233021148211A5AE0ECFF9 /* Pods */,
				48AE60B0129CCE78FBA48824 /* Frameworks */,
			);
			sourceTree = "<group>";
		};
		928082C71FAC46AD00BDBDF1 /* Products */ = {
			isa = PBXGroup;
			children = (
				928082C61FAC46AD00BDBDF1 /* MovieApp.app */,
				928082DA1FAC46AD00BDBDF1 /* MovieAppTests.xctest */,
				928082E51FAC46AD00BDBDF1 /* MovieAppUITests.xctest */,
			);
			name = Products;
			sourceTree = "<group>";
		};
		928082C81FAC46AD00BDBDF1 /* MovieApp */ = {
			isa = PBXGroup;
			children = (
				92B761341FAC91EF004DF975 /* placeholder.jpeg */,
				928082C91FAC46AD00BDBDF1 /* AppDelegate.swift */,
				925195E61FAC846000DB604A /* MovieCollectionViewCell.swift */,
				92B780831FACA56600F2001A /* DetailViewController.swift */,
				928082CB1FAC46AD00BDBDF1 /* ViewController.swift */,
				928082CD1FAC46AD00BDBDF1 /* Main.storyboard */,
				928082D01FAC46AD00BDBDF1 /* Assets.xcassets */,
				928082D21FAC46AD00BDBDF1 /* LaunchScreen.storyboard */,
				928082D51FAC46AD00BDBDF1 /* Info.plist */,
			);
			path = MovieApp;
			sourceTree = "<group>";
		};
		928082DD1FAC46AD00BDBDF1 /* MovieAppTests */ = {
			isa = PBXGroup;
			children = (
				928082DE1FAC46AD00BDBDF1 /* MovieAppTests.swift */,
				928082E01FAC46AD00BDBDF1 /* Info.plist */,
			);
			path = MovieAppTests;
			sourceTree = "<group>";
		};
		928082E81FAC46AD00BDBDF1 /* MovieAppUITests */ = {
			isa = PBXGroup;
			children = (
				928082E91FAC46AD00BDBDF1 /* MovieAppUITests.swift */,
				928082EB1FAC46AD00BDBDF1 /* Info.plist */,
			);
			path = MovieAppUITests;
			sourceTree = "<group>";
		};
		E8233021148211A5AE0ECFF9 /* Pods */ = {
			isa = PBXGroup;
			children = (
				F6DF9E1CE5817B4880C585A4 /* Pods-MovieApp.debug.xcconfig */,
				D642B7277B254AEAB41994EA /* Pods-MovieApp.release.xcconfig */,
				DC03AD7EB8A6832DA08CE18E /* Pods-MovieAppTests.debug.xcconfig */,
				45AB0FA9EC6874DA07831D44 /* Pods-MovieAppTests.release.xcconfig */,
				4F458BA336D5E8604AA99182 /* Pods-MovieAppUITests.debug.xcconfig */,
				D287359771E5D127CE19B372 /* Pods-MovieAppUITests.release.xcconfig */,
			);
			name = Pods;
			sourceTree = "<group>";
		};
/* End PBXGroup section */

/* Begin PBXNativeTarget section */
		928082C51FAC46AD00BDBDF1 /* MovieApp */ = {
			isa = PBXNativeTarget;
			buildConfigurationList = 928082EE1FAC46AD00BDBDF1 /* Build configuration list for PBXNativeTarget "MovieApp" */;
			buildPhases = (
				1374EA5A4BF8F8EDDBA857C2 /* [CP] Check Pods Manifest.lock */,
				928082C21FAC46AD00BDBDF1 /* Sources */,
				928082C31FAC46AD00BDBDF1 /* Frameworks */,
				928082C41FAC46AD00BDBDF1 /* Resources */,
				4900C47BB381F0D073BC4256 /* [CP] Embed Pods Frameworks */,
				F0A8B08CDEAEEC22829DBBC3 /* [CP] Copy Pods Resources */,
			);
			buildRules = (
			);
			dependencies = (
			);
			name = MovieApp;
			productName = MovieApp;
			productReference = 928082C61FAC46AD00BDBDF1 /* MovieApp.app */;
			productType = "com.apple.product-type.application";
		};
		928082D91FAC46AD00BDBDF1 /* MovieAppTests */ = {
			isa = PBXNativeTarget;
			buildConfigurationList = 928082F11FAC46AD00BDBDF1 /* Build configuration list for PBXNativeTarget "MovieAppTests" */;
			buildPhases = (
				7F5691741B4FF28315476659 /* [CP] Check Pods Manifest.lock */,
				928082D61FAC46AD00BDBDF1 /* Sources */,
				928082D71FAC46AD00BDBDF1 /* Frameworks */,
				928082D81FAC46AD00BDBDF1 /* Resources */,
				A1BA8A8969F890F66C92FFFD /* [CP] Embed Pods Frameworks */,
				9E26F03D06C951203F83B9C6 /* [CP] Copy Pods Resources */,
			);
			buildRules = (
			);
			dependencies = (
				928082DC1FAC46AD00BDBDF1 /* PBXTargetDependency */,
			);
			name = MovieAppTests;
			productName = MovieAppTests;
			productReference = 928082DA1FAC46AD00BDBDF1 /* MovieAppTests.xctest */;
			productType = "com.apple.product-type.bundle.unit-test";
		};
		928082E41FAC46AD00BDBDF1 /* MovieAppUITests */ = {
			isa = PBXNativeTarget;
			buildConfigurationList = 928082F41FAC46AD00BDBDF1 /* Build configuration list for PBXNativeTarget "MovieAppUITests" */;
			buildPhases = (
				6AD4AA9B4A5B27AA1566D339 /* [CP] Check Pods Manifest.lock */,
				928082E11FAC46AD00BDBDF1 /* Sources */,
				928082E21FAC46AD00BDBDF1 /* Frameworks */,
				928082E31FAC46AD00BDBDF1 /* Resources */,
				845BC2CC5C720FE79C16002F /* [CP] Embed Pods Frameworks */,
				912E0C1AF52174087D5CE412 /* [CP] Copy Pods Resources */,
			);
			buildRules = (
			);
			dependencies = (
				928082E71FAC46AD00BDBDF1 /* PBXTargetDependency */,
			);
			name = MovieAppUITests;
			productName = MovieAppUITests;
			productReference = 928082E51FAC46AD00BDBDF1 /* MovieAppUITests.xctest */;
			productType = "com.apple.product-type.bundle.ui-testing";
		};
/* End PBXNativeTarget section */

/* Begin PBXProject section */
		928082BE1FAC46AC00BDBDF1 /* Project object */ = {
			isa = PBXProject;
			attributes = {
				LastSwiftUpdateCheck = 0900;
				LastUpgradeCheck = 0900;
				ORGANIZATIONNAME = Vikalp;
				TargetAttributes = {
					928082C51FAC46AD00BDBDF1 = {
						CreatedOnToolsVersion = 9.0.1;
						ProvisioningStyle = Automatic;
					};
					928082D91FAC46AD00BDBDF1 = {
						CreatedOnToolsVersion = 9.0.1;
						ProvisioningStyle = Automatic;
						TestTargetID = 928082C51FAC46AD00BDBDF1;
					};
					928082E41FAC46AD00BDBDF1 = {
						CreatedOnToolsVersion = 9.0.1;
						ProvisioningStyle = Automatic;
						TestTargetID = 928082C51FAC46AD00BDBDF1;
					};
				};
			};
			buildConfigurationList = 928082C11FAC46AC00BDBDF1 /* Build configuration list for PBXProject "MovieApp" */;
			compatibilityVersion = "Xcode 8.0";
			developmentRegion = en;
			hasScannedForEncodings = 0;
			knownRegions = (
				en,
				Base,
			);
			mainGroup = 928082BD1FAC46AC00BDBDF1;
			productRefGroup = 928082C71FAC46AD00BDBDF1 /* Products */;
			projectDirPath = "";
			projectRoot = "";
			targets = (
				928082C51FAC46AD00BDBDF1 /* MovieApp */,
				928082D91FAC46AD00BDBDF1 /* MovieAppTests */,
				928082E41FAC46AD00BDBDF1 /* MovieAppUITests */,
			);
		};
/* End PBXProject section */

/* Begin PBXResourcesBuildPhase section */
		928082C41FAC46AD00BDBDF1 /* Resources */ = {
			isa = PBXResourcesBuildPhase;
			buildActionMask = 2147483647;
			files = (
				928082D41FAC46AD00BDBDF1 /* LaunchScreen.storyboard in Resources */,
				928082D11FAC46AD00BDBDF1 /* Assets.xcassets in Resources */,
				928082CF1FAC46AD00BDBDF1 /* Main.storyboard in Resources */,
				92B761351FAC91F0004DF975 /* placeholder.jpeg in Resources */,
			);
			runOnlyForDeploymentPostprocessing = 0;
		};
		928082D81FAC46AD00BDBDF1 /* Resources */ = {
			isa = PBXResourcesBuildPhase;
			buildActionMask = 2147483647;
			files = (
			);
			runOnlyForDeploymentPostprocessing = 0;
		};
		928082E31FAC46AD00BDBDF1 /* Resources */ = {
			isa = PBXResourcesBuildPhase;
			buildActionMask = 2147483647;
			files = (
			);
			runOnlyForDeploymentPostprocessing = 0;
		};
/* End PBXResourcesBuildPhase section */

/* Begin PBXShellScriptBuildPhase section */
		1374EA5A4BF8F8EDDBA857C2 /* [CP] Check Pods Manifest.lock */ = {
			isa = PBXShellScriptBuildPhase;
			buildActionMask = 2147483647;
			files = (
			);
			inputPaths = (
				"${PODS_PODFILE_DIR_PATH}/Podfile.lock",
				"${PODS_ROOT}/Manifest.lock",
			);
			name = "[CP] Check Pods Manifest.lock";
			outputPaths = (
				"$(DERIVED_FILE_DIR)/Pods-MovieApp-checkManifestLockResult.txt",
			);
			runOnlyForDeploymentPostprocessing = 0;
			shellPath = /bin/sh;
			shellScript = "diff \"${PODS_PODFILE_DIR_PATH}/Podfile.lock\" \"${PODS_ROOT}/Manifest.lock\" > /dev/null\nif [ $? != 0 ] ; then\n    # print error to STDERR\n    echo \"error: The sandbox is not in sync with the Podfile.lock. Run 'pod install' or update your CocoaPods installation.\" >&2\n    exit 1\nfi\n# This output is used by Xcode 'outputs' to avoid re-running this script phase.\necho \"SUCCESS\" > \"${SCRIPT_OUTPUT_FILE_0}\"\n";
			showEnvVarsInLog = 0;
		};
		4900C47BB381F0D073BC4256 /* [CP] Embed Pods Frameworks */ = {
			isa = PBXShellScriptBuildPhase;
			buildActionMask = 2147483647;
			files = (
			);
			inputPaths = (
				"${SRCROOT}/Pods/Target Support Files/Pods-MovieApp/Pods-MovieApp-frameworks.sh",
				"${BUILT_PRODUCTS_DIR}/SDWebImage/SDWebImage.framework",
			);
			name = "[CP] Embed Pods Frameworks";
			outputPaths = (
				"${TARGET_BUILD_DIR}/${FRAMEWORKS_FOLDER_PATH}/SDWebImage.framework",
			);
			runOnlyForDeploymentPostprocessing = 0;
			shellPath = /bin/sh;
			shellScript = "\"${SRCROOT}/Pods/Target Support Files/Pods-MovieApp/Pods-MovieApp-frameworks.sh\"\n";
			showEnvVarsInLog = 0;
		};
		6AD4AA9B4A5B27AA1566D339 /* [CP] Check Pods Manifest.lock */ = {
			isa = PBXShellScriptBuildPhase;
			buildActionMask = 2147483647;
			files = (
			);
			inputPaths = (
				"${PODS_PODFILE_DIR_PATH}/Podfile.lock",
				"${PODS_ROOT}/Manifest.lock",
			);
			name = "[CP] Check Pods Manifest.lock";
			outputPaths = (
				"$(DERIVED_FILE_DIR)/Pods-MovieAppUITests-checkManifestLockResult.txt",
			);
			runOnlyForDeploymentPostprocessing = 0;
			shellPath = /bin/sh;
			shellScript = "diff \"${PODS_PODFILE_DIR_PATH}/Podfile.lock\" \"${PODS_ROOT}/Manifest.lock\" > /dev/null\nif [ $? != 0 ] ; then\n    # print error to STDERR\n    echo \"error: The sandbox is not in sync with the Podfile.lock. Run 'pod install' or update your CocoaPods installation.\" >&2\n    exit 1\nfi\n# This output is used by Xcode 'outputs' to avoid re-running this script phase.\necho \"SUCCESS\" > \"${SCRIPT_OUTPUT_FILE_0}\"\n";
			showEnvVarsInLog = 0;
		};
		7F5691741B4FF28315476659 /* [CP] Check Pods Manifest.lock */ = {
			isa = PBXShellScriptBuildPhase;
			buildActionMask = 2147483647;
			files = (
			);
			inputPaths = (
				"${PODS_PODFILE_DIR_PATH}/Podfile.lock",
				"${PODS_ROOT}/Manifest.lock",
			);
			name = "[CP] Check Pods Manifest.lock";
			outputPaths = (
				"$(DERIVED_FILE_DIR)/Pods-MovieAppTests-checkManifestLockResult.txt",
			);
			runOnlyForDeploymentPostprocessing = 0;
			shellPath = /bin/sh;
			shellScript = "diff \"${PODS_PODFILE_DIR_PATH}/Podfile.lock\" \"${PODS_ROOT}/Manifest.lock\" > /dev/null\nif [ $? != 0 ] ; then\n    # print error to STDERR\n    echo \"error: The sandbox is not in sync with the Podfile.lock. Run 'pod install' or update your CocoaPods installation.\" >&2\n    exit 1\nfi\n# This output is used by Xcode 'outputs' to avoid re-running this script phase.\necho \"SUCCESS\" > \"${SCRIPT_OUTPUT_FILE_0}\"\n";
			showEnvVarsInLog = 0;
		};
		845BC2CC5C720FE79C16002F /* [CP] Embed Pods Frameworks */ = {
			isa = PBXShellScriptBuildPhase;
			buildActionMask = 2147483647;
			files = (
			);
			inputPaths = (
			);
			name = "[CP] Embed Pods Frameworks";
			outputPaths = (
			);
			runOnlyForDeploymentPostprocessing = 0;
			shellPath = /bin/sh;
			shellScript = "\"${SRCROOT}/Pods/Target Support Files/Pods-MovieAppUITests/Pods-MovieAppUITests-frameworks.sh\"\n";
			showEnvVarsInLog = 0;
		};
		912E0C1AF52174087D5CE412 /* [CP] Copy Pods Resources */ = {
			isa = PBXShellScriptBuildPhase;
			buildActionMask = 2147483647;
			files = (
			);
			inputPaths = (
			);
			name = "[CP] Copy Pods Resources";
			outputPaths = (
			);
			runOnlyForDeploymentPostprocessing = 0;
			shellPath = /bin/sh;
			shellScript = "\"${SRCROOT}/Pods/Target Support Files/Pods-MovieAppUITests/Pods-MovieAppUITests-resources.sh\"\n";
			showEnvVarsInLog = 0;
		};
		9E26F03D06C951203F83B9C6 /* [CP] Copy Pods Resources */ = {
			isa = PBXShellScriptBuildPhase;
			buildActionMask = 2147483647;
			files = (
			);
			inputPaths = (
			);
			name = "[CP] Copy Pods Resources";
			outputPaths = (
			);
			runOnlyForDeploymentPostprocessing = 0;
			shellPath = /bin/sh;
			shellScript = "\"${SRCROOT}/Pods/Target Support Files/Pods-MovieAppTests/Pods-MovieAppTests-resources.sh\"\n";
			showEnvVarsInLog = 0;
		};
		A1BA8A8969F890F66C92FFFD /* [CP] Embed Pods Frameworks */ = {
			isa = PBXShellScriptBuildPhase;
			buildActionMask = 2147483647;
			files = (
			);
			inputPaths = (
			);
			name = "[CP] Embed Pods Frameworks";
			outputPaths = (
			);
			runOnlyForDeploymentPostprocessing = 0;
			shellPath = /bin/sh;
			shellScript = "\"${SRCROOT}/Pods/Target Support Files/Pods-MovieAppTests/Pods-MovieAppTests-frameworks.sh\"\n";
			showEnvVarsInLog = 0;
		};
		F0A8B08CDEAEEC22829DBBC3 /* [CP] Copy Pods Resources */ = {
			isa = PBXShellScriptBuildPhase;
			buildActionMask = 2147483647;
			files = (
			);
			inputPaths = (
			);
			name = "[CP] Copy Pods Resources";
			outputPaths = (
			);
			runOnlyForDeploymentPostprocessing = 0;
			shellPath = /bin/sh;
			shellScript = "\"${SRCROOT}/Pods/Target Support Files/Pods-MovieApp/Pods-MovieApp-resources.sh\"\n";
			showEnvVarsInLog = 0;
		};
/* End PBXShellScriptBuildPhase section */

/* Begin PBXSourcesBuildPhase section */
		928082C21FAC46AD00BDBDF1 /* Sources */ = {
			isa = PBXSourcesBuildPhase;
			buildActionMask = 2147483647;
			files = (
				928082CC1FAC46AD00BDBDF1 /* ViewController.swift in Sources */,
				928082CA1FAC46AD00BDBDF1 /* AppDelegate.swift in Sources */,
				925195E71FAC846000DB604A /* MovieCollectionViewCell.swift in Sources */,
				92B780841FACA56600F2001A /* DetailViewController.swift in Sources */,
			);
			runOnlyForDeploymentPostprocessing = 0;
		};
		928082D61FAC46AD00BDBDF1 /* Sources */ = {
			isa = PBXSourcesBuildPhase;
			buildActionMask = 2147483647;
			files = (
				928082DF1FAC46AD00BDBDF1 /* MovieAppTests.swift in Sources */,
			);
			runOnlyForDeploymentPostprocessing = 0;
		};
		928082E11FAC46AD00BDBDF1 /* Sources */ = {
			isa = PBXSourcesBuildPhase;
			buildActionMask = 2147483647;
			files = (
				928082EA1FAC46AD00BDBDF1 /* MovieAppUITests.swift in Sources */,
			);
			runOnlyForDeploymentPostprocessing = 0;
		};
/* End PBXSourcesBuildPhase section */

/* Begin PBXTargetDependency section */
		928082DC1FAC46AD00BDBDF1 /* PBXTargetDependency */ = {
			isa = PBXTargetDependency;
			target = 928082C51FAC46AD00BDBDF1 /* MovieApp */;
			targetProxy = 928082DB1FAC46AD00BDBDF1 /* PBXContainerItemProxy */;
		};
		928082E71FAC46AD00BDBDF1 /* PBXTargetDependency */ = {
			isa = PBXTargetDependency;
			target = 928082C51FAC46AD00BDBDF1 /* MovieApp */;
			targetProxy = 928082E61FAC46AD00BDBDF1 /* PBXContainerItemProxy */;
		};
/* End PBXTargetDependency section */

/* Begin PBXVariantGroup section */
		928082CD1FAC46AD00BDBDF1 /* Main.storyboard */ = {
			isa = PBXVariantGroup;
			children = (
				928082CE1FAC46AD00BDBDF1 /* Base */,
			);
			name = Main.storyboard;
			sourceTree = "<group>";
		};
		928082D21FAC46AD00BDBDF1 /* LaunchScreen.storyboard */ = {
			isa = PBXVariantGroup;
			children = (
				928082D31FAC46AD00BDBDF1 /* Base */,
			);
			name = LaunchScreen.storyboard;
			sourceTree = "<group>";
		};
/* End PBXVariantGroup section */

/* Begin XCBuildConfiguration section */
		928082EC1FAC46AD00BDBDF1 /* Debug */ = {
			isa = XCBuildConfiguration;
			buildSettings = {
				ALWAYS_SEARCH_USER_PATHS = NO;
				CLANG_ANALYZER_NONNULL = YES;
				CLANG_ANALYZER_NUMBER_OBJECT_CONVERSION = YES_AGGRESSIVE;
				CLANG_CXX_LANGUAGE_STANDARD = "gnu++14";
				CLANG_CXX_LIBRARY = "libc++";
				CLANG_ENABLE_MODULES = YES;
				CLANG_ENABLE_OBJC_ARC = YES;
				CLANG_WARN_BLOCK_CAPTURE_AUTORELEASING = YES;
				CLANG_WARN_BOOL_CONVERSION = YES;
				CLANG_WARN_COMMA = YES;
				CLANG_WARN_CONSTANT_CONVERSION = YES;
				CLANG_WARN_DIRECT_OBJC_ISA_USAGE = YES_ERROR;
				CLANG_WARN_DOCUMENTATION_COMMENTS = YES;
				CLANG_WARN_EMPTY_BODY = YES;
				CLANG_WARN_ENUM_CONVERSION = YES;
				CLANG_WARN_INFINITE_RECURSION = YES;
				CLANG_WARN_INT_CONVERSION = YES;
				CLANG_WARN_NON_LITERAL_NULL_CONVERSION = YES;
				CLANG_WARN_OBJC_LITERAL_CONVERSION = YES;
				CLANG_WARN_OBJC_ROOT_CLASS = YES_ERROR;
				CLANG_WARN_RANGE_LOOP_ANALYSIS = YES;
				CLANG_WARN_STRICT_PROTOTYPES = YES;
				CLANG_WARN_SUSPICIOUS_MOVE = YES;
				CLANG_WARN_UNGUARDED_AVAILABILITY = YES_AGGRESSIVE;
				CLANG_WARN_UNREACHABLE_CODE = YES;
				CLANG_WARN__DUPLICATE_METHOD_MATCH = YES;
				CODE_SIGN_IDENTITY = "iPhone Developer";
				COPY_PHASE_STRIP = NO;
				DEBUG_INFORMATION_FORMAT = dwarf;
				ENABLE_STRICT_OBJC_MSGSEND = YES;
				ENABLE_TESTABILITY = YES;
				GCC_C_LANGUAGE_STANDARD = gnu11;
				GCC_DYNAMIC_NO_PIC = NO;
				GCC_NO_COMMON_BLOCKS = YES;
				GCC_OPTIMIZATION_LEVEL = 0;
				GCC_PREPROCESSOR_DEFINITIONS = (
					"DEBUG=1",
					"$(inherited)",
				);
				GCC_WARN_64_TO_32_BIT_CONVERSION = YES;
				GCC_WARN_ABOUT_RETURN_TYPE = YES_ERROR;
				GCC_WARN_UNDECLARED_SELECTOR = YES;
				GCC_WARN_UNINITIALIZED_AUTOS = YES_AGGRESSIVE;
				GCC_WARN_UNUSED_FUNCTION = YES;
				GCC_WARN_UNUSED_VARIABLE = YES;
				IPHONEOS_DEPLOYMENT_TARGET = 11.0;
				MTL_ENABLE_DEBUG_INFO = YES;
				ONLY_ACTIVE_ARCH = YES;
				SDKROOT = iphoneos;
				SWIFT_ACTIVE_COMPILATION_CONDITIONS = DEBUG;
				SWIFT_OPTIMIZATION_LEVEL = "-Onone";
			};
			name = Debug;
		};
		928082ED1FAC46AD00BDBDF1 /* Release */ = {
			isa = XCBuildConfiguration;
			buildSettings = {
				ALWAYS_SEARCH_USER_PATHS = NO;
				CLANG_ANALYZER_NONNULL = YES;
				CLANG_ANALYZER_NUMBER_OBJECT_CONVERSION = YES_AGGRESSIVE;
				CLANG_CXX_LANGUAGE_STANDARD = "gnu++14";
				CLANG_CXX_LIBRARY = "libc++";
				CLANG_ENABLE_MODULES = YES;
				CLANG_ENABLE_OBJC_ARC = YES;
				CLANG_WARN_BLOCK_CAPTURE_AUTORELEASING = YES;
				CLANG_WARN_BOOL_CONVERSION = YES;
				CLANG_WARN_COMMA = YES;
				CLANG_WARN_CONSTANT_CONVERSION = YES;
				CLANG_WARN_DIRECT_OBJC_ISA_USAGE = YES_ERROR;
				CLANG_WARN_DOCUMENTATION_COMMENTS = YES;
				CLANG_WARN_EMPTY_BODY = YES;
				CLANG_WARN_ENUM_CONVERSION = YES;
				CLANG_WARN_INFINITE_RECURSION = YES;
				CLANG_WARN_INT_CONVERSION = YES;
				CLANG_WARN_NON_LITERAL_NULL_CONVERSION = YES;
				CLANG_WARN_OBJC_LITERAL_CONVERSION = YES;
				CLANG_WARN_OBJC_ROOT_CLASS = YES_ERROR;
				CLANG_WARN_RANGE_LOOP_ANALYSIS = YES;
				CLANG_WARN_STRICT_PROTOTYPES = YES;
				CLANG_WARN_SUSPICIOUS_MOVE = YES;
				CLANG_WARN_UNGUARDED_AVAILABILITY = YES_AGGRESSIVE;
				CLANG_WARN_UNREACHABLE_CODE = YES;
				CLANG_WARN__DUPLICATE_METHOD_MATCH = YES;
				CODE_SIGN_IDENTITY = "iPhone Developer";
				COPY_PHASE_STRIP = NO;
				DEBUG_INFORMATION_FORMAT = "dwarf-with-dsym";
				ENABLE_NS_ASSERTIONS = NO;
				ENABLE_STRICT_OBJC_MSGSEND = YES;
				GCC_C_LANGUAGE_STANDARD = gnu11;
				GCC_NO_COMMON_BLOCKS = YES;
				GCC_WARN_64_TO_32_BIT_CONVERSION = YES;
				GCC_WARN_ABOUT_RETURN_TYPE = YES_ERROR;
				GCC_WARN_UNDECLARED_SELECTOR = YES;
				GCC_WARN_UNINITIALIZED_AUTOS = YES_AGGRESSIVE;
				GCC_WARN_UNUSED_FUNCTION = YES;
				GCC_WARN_UNUSED_VARIABLE = YES;
				IPHONEOS_DEPLOYMENT_TARGET = 11.0;
				MTL_ENABLE_DEBUG_INFO = NO;
				SDKROOT = iphoneos;
				SWIFT_OPTIMIZATION_LEVEL = "-Owholemodule";
				VALIDATE_PRODUCT = YES;
			};
			name = Release;
		};
		928082EF1FAC46AD00BDBDF1 /* Debug */ = {
			isa = XCBuildConfiguration;
			baseConfigurationReference = F6DF9E1CE5817B4880C585A4 /* Pods-MovieApp.debug.xcconfig */;
			buildSettings = {
				ASSETCATALOG_COMPILER_APPICON_NAME = AppIcon;
				CODE_SIGN_STYLE = Automatic;
				DEVELOPMENT_TEAM = MPUB2E3NK8;
				INFOPLIST_FILE = MovieApp/Info.plist;
				LD_RUNPATH_SEARCH_PATHS = "$(inherited) @executable_path/Frameworks";
				PRODUCT_BUNDLE_IDENTIFIER = com.vikalp.MovieApp;
				PRODUCT_NAME = "$(TARGET_NAME)";
				SWIFT_VERSION = 4.0;
				TARGETED_DEVICE_FAMILY = "1,2";
			};
			name = Debug;
		};
		928082F01FAC46AD00BDBDF1 /* Release */ = {
			isa = XCBuildConfiguration;
			baseConfigurationReference = D642B7277B254AEAB41994EA /* Pods-MovieApp.release.xcconfig */;
			buildSettings = {
				ASSETCATALOG_COMPILER_APPICON_NAME = AppIcon;
				CODE_SIGN_STYLE = Automatic;
				DEVELOPMENT_TEAM = MPUB2E3NK8;
				INFOPLIST_FILE = MovieApp/Info.plist;
				LD_RUNPATH_SEARCH_PATHS = "$(inherited) @executable_path/Frameworks";
				PRODUCT_BUNDLE_IDENTIFIER = com.vikalp.MovieApp;
				PRODUCT_NAME = "$(TARGET_NAME)";
				SWIFT_VERSION = 4.0;
				TARGETED_DEVICE_FAMILY = "1,2";
			};
			name = Release;
		};
		928082F21FAC46AD00BDBDF1 /* Debug */ = {
			isa = XCBuildConfiguration;
			baseConfigurationReference = DC03AD7EB8A6832DA08CE18E /* Pods-MovieAppTests.debug.xcconfig */;
			buildSettings = {
				ALWAYS_EMBED_SWIFT_STANDARD_LIBRARIES = YES;
				BUNDLE_LOADER = "$(TEST_HOST)";
				CODE_SIGN_STYLE = Automatic;
				DEVELOPMENT_TEAM = MPUB2E3NK8;
				INFOPLIST_FILE = MovieAppTests/Info.plist;
				LD_RUNPATH_SEARCH_PATHS = "$(inherited) @executable_path/Frameworks @loader_path/Frameworks";
				PRODUCT_BUNDLE_IDENTIFIER = com.vikalp.MovieAppTests;
				PRODUCT_NAME = "$(TARGET_NAME)";
				SWIFT_VERSION = 4.0;
				TARGETED_DEVICE_FAMILY = "1,2";
				TEST_HOST = "$(BUILT_PRODUCTS_DIR)/MovieApp.app/MovieApp";
			};
			name = Debug;
		};
		928082F31FAC46AD00BDBDF1 /* Release */ = {
			isa = XCBuildConfiguration;
			baseConfigurationReference = 45AB0FA9EC6874DA07831D44 /* Pods-MovieAppTests.release.xcconfig */;
			buildSettings = {
				ALWAYS_EMBED_SWIFT_STANDARD_LIBRARIES = YES;
				BUNDLE_LOADER = "$(TEST_HOST)";
				CODE_SIGN_STYLE = Automatic;
				DEVELOPMENT_TEAM = MPUB2E3NK8;
				INFOPLIST_FILE = MovieAppTests/Info.plist;
				LD_RUNPATH_SEARCH_PATHS = "$(inherited) @executable_path/Frameworks @loader_path/Frameworks";
				PRODUCT_BUNDLE_IDENTIFIER = com.vikalp.MovieAppTests;
				PRODUCT_NAME = "$(TARGET_NAME)";
				SWIFT_VERSION = 4.0;
				TARGETED_DEVICE_FAMILY = "1,2";
				TEST_HOST = "$(BUILT_PRODUCTS_DIR)/MovieApp.app/MovieApp";
			};
			name = Release;
		};
		928082F51FAC46AD00BDBDF1 /* Debug */ = {
			isa = XCBuildConfiguration;
			baseConfigurationReference = 4F458BA336D5E8604AA99182 /* Pods-MovieAppUITests.debug.xcconfig */;
			buildSettings = {
				ALWAYS_EMBED_SWIFT_STANDARD_LIBRARIES = YES;
				CODE_SIGN_STYLE = Automatic;
				DEVELOPMENT_TEAM = MPUB2E3NK8;
				INFOPLIST_FILE = MovieAppUITests/Info.plist;
				LD_RUNPATH_SEARCH_PATHS = "$(inherited) @executable_path/Frameworks @loader_path/Frameworks";
				PRODUCT_BUNDLE_IDENTIFIER = com.vikalp.MovieAppUITests;
				PRODUCT_NAME = "$(TARGET_NAME)";
				SWIFT_VERSION = 4.0;
				TARGETED_DEVICE_FAMILY = "1,2";
				TEST_TARGET_NAME = MovieApp;
			};
			name = Debug;
		};
		928082F61FAC46AD00BDBDF1 /* Release */ = {
			isa = XCBuildConfiguration;
			baseConfigurationReference = D287359771E5D127CE19B372 /* Pods-MovieAppUITests.release.xcconfig */;
			buildSettings = {
				ALWAYS_EMBED_SWIFT_STANDARD_LIBRARIES = YES;
				CODE_SIGN_STYLE = Automatic;
				DEVELOPMENT_TEAM = MPUB2E3NK8;
				INFOPLIST_FILE = MovieAppUITests/Info.plist;
				LD_RUNPATH_SEARCH_PATHS = "$(inherited) @executable_path/Frameworks @loader_path/Frameworks";
				PRODUCT_BUNDLE_IDENTIFIER = com.vikalp.MovieAppUITests;
				PRODUCT_NAME = "$(TARGET_NAME)";
				SWIFT_VERSION = 4.0;
				TARGETED_DEVICE_FAMILY = "1,2";
				TEST_TARGET_NAME = MovieApp;
			};
			name = Release;
		};
/* End XCBuildConfiguration section */

/* Begin XCConfigurationList section */
		928082C11FAC46AC00BDBDF1 /* Build configuration list for PBXProject "MovieApp" */ = {
			isa = XCConfigurationList;
			buildConfigurations = (
				928082EC1FAC46AD00BDBDF1 /* Debug */,
				928082ED1FAC46AD00BDBDF1 /* Release */,
			);
			defaultConfigurationIsVisible = 0;
			defaultConfigurationName = Release;
		};
		928082EE1FAC46AD00BDBDF1 /* Build configuration list for PBXNativeTarget "MovieApp" */ = {
			isa = XCConfigurationList;
			buildConfigurations = (
				928082EF1FAC46AD00BDBDF1 /* Debug */,
				928082F01FAC46AD00BDBDF1 /* Release */,
			);
			defaultConfigurationIsVisible = 0;
			defaultConfigurationName = Release;
		};
		928082F11FAC46AD00BDBDF1 /* Build configuration list for PBXNativeTarget "MovieAppTests" */ = {
			isa = XCConfigurationList;
			buildConfigurations = (
				928082F21FAC46AD00BDBDF1 /* Debug */,
				928082F31FAC46AD00BDBDF1 /* Release */,
			);
			defaultConfigurationIsVisible = 0;
			defaultConfigurationName = Release;
		};
		928082F41FAC46AD00BDBDF1 /* Build configuration list for PBXNativeTarget "MovieAppUITests" */ = {
			isa = XCConfigurationList;
			buildConfigurations = (
				928082F51FAC46AD00BDBDF1 /* Debug */,
				928082F61FAC46AD00BDBDF1 /* Release */,
			);
			defaultConfigurationIsVisible = 0;
			defaultConfigurationName = Release;
		};
/* End XCConfigurationList section */
	};
	rootObject = 928082BE1FAC46AC00BDBDF1 /* Project object */;
}
